// !$*UTF8*$!
{
	archiveVersion = 1;
	classes = {
	};
	objectVersion = 56;
	objects = {

/* Begin PBXBuildFile section */
		4CB8362E2AF13549005EE37A /* PokemonModel.swift in Sources */ = {isa = PBXBuildFile; fileRef = 4CB8362D2AF13549005EE37A /* PokemonModel.swift */; };
		4CB836392AF13B52005EE37A /* ViewModel.swift in Sources */ = {isa = PBXBuildFile; fileRef = 4CB836382AF13B52005EE37A /* ViewModel.swift */; };
		4CB8363C2AF13B91005EE37A /* PokemonManager.swift in Sources */ = {isa = PBXBuildFile; fileRef = 4CB8363B2AF13B91005EE37A /* PokemonManager.swift */; };
		4CB8363F2AF1411F005EE37A /* PokemonDetailView.swift in Sources */ = {isa = PBXBuildFile; fileRef = 4CB8363E2AF1411F005EE37A /* PokemonDetailView.swift */; };
		4CB836412AF14321005EE37A /* PokemonView.swift in Sources */ = {isa = PBXBuildFile; fileRef = 4CB836402AF14321005EE37A /* PokemonView.swift */; };
		4CB8E6F32AEBE28A000D9035 /* PokemonDemoApp.swift in Sources */ = {isa = PBXBuildFile; fileRef = 4CB8E6F22AEBE28A000D9035 /* PokemonDemoApp.swift */; };
		4CB8E6F52AEBE28A000D9035 /* ContentView.swift in Sources */ = {isa = PBXBuildFile; fileRef = 4CB8E6F42AEBE28A000D9035 /* ContentView.swift */; };
		4CB8E6F72AEBE28B000D9035 /* Assets.xcassets in Resources */ = {isa = PBXBuildFile; fileRef = 4CB8E6F62AEBE28B000D9035 /* Assets.xcassets */; };
		4CB8E6FA2AEBE28B000D9035 /* Preview Assets.xcassets in Resources */ = {isa = PBXBuildFile; fileRef = 4CB8E6F92AEBE28B000D9035 /* Preview Assets.xcassets */; };
		4CB8E7022AEBE2C2000D9035 /* pokemon.json in Resources */ = {isa = PBXBuildFile; fileRef = 4CB8E7012AEBE2C2000D9035 /* pokemon.json */; };
		4CB8E7062AEBE5F7000D9035 /* Helpers.swift in Sources */ = {isa = PBXBuildFile; fileRef = 4CB8E7052AEBE5F7000D9035 /* Helpers.swift */; };
/* End PBXBuildFile section */

/* Begin PBXFileReference section */
		4CB8362D2AF13549005EE37A /* PokemonModel.swift */ = {isa = PBXFileReference; lastKnownFileType = sourcecode.swift; path = PokemonModel.swift; sourceTree = "<group>"; };
		4CB836382AF13B52005EE37A /* ViewModel.swift */ = {isa = PBXFileReference; lastKnownFileType = sourcecode.swift; path = ViewModel.swift; sourceTree = "<group>"; };
		4CB8363B2AF13B91005EE37A /* PokemonManager.swift */ = {isa = PBXFileReference; lastKnownFileType = sourcecode.swift; path = PokemonManager.swift; sourceTree = "<group>"; };
		4CB8363E2AF1411F005EE37A /* PokemonDetailView.swift */ = {isa = PBXFileReference; lastKnownFileType = sourcecode.swift; path = PokemonDetailView.swift; sourceTree = "<group>"; };
		4CB836402AF14321005EE37A /* PokemonView.swift */ = {isa = PBXFileReference; lastKnownFileType = sourcecode.swift; path = PokemonView.swift; sourceTree = "<group>"; };
		4CB8E6EF2AEBE28A000D9035 /* PokemonDemo.app */ = {isa = PBXFileReference; explicitFileType = wrapper.application; includeInIndex = 0; path = PokemonDemo.app; sourceTree = BUILT_PRODUCTS_DIR; };
		4CB8E6F22AEBE28A000D9035 /* PokemonDemoApp.swift */ = {isa = PBXFileReference; lastKnownFileType = sourcecode.swift; path = PokemonDemoApp.swift; sourceTree = "<group>"; };
		4CB8E6F42AEBE28A000D9035 /* ContentView.swift */ = {isa = PBXFileReference; lastKnownFileType = sourcecode.swift; path = ContentView.swift; sourceTree = "<group>"; };
		4CB8E6F62AEBE28B000D9035 /* Assets.xcassets */ = {isa = PBXFileReference; lastKnownFileType = folder.assetcatalog; path = Assets.xcassets; sourceTree = "<group>"; };
		4CB8E6F92AEBE28B000D9035 /* Preview Assets.xcassets */ = {isa = PBXFileReference; lastKnownFileType = folder.assetcatalog; path = "Preview Assets.xcassets"; sourceTree = "<group>"; };
		4CB8E7012AEBE2C2000D9035 /* pokemon.json */ = {isa = PBXFileReference; lastKnownFileType = text.json; path = pokemon.json; sourceTree = "<group>"; };
		4CB8E7052AEBE5F7000D9035 /* Helpers.swift */ = {isa = PBXFileReference; lastKnownFileType = sourcecode.swift; path = Helpers.swift; sourceTree = "<group>"; };
		4CCBF1B52AF20B2400428A87 /* Contents.json */ = {isa = PBXFileReference; lastKnownFileType = text.json; path = Contents.json; sourceTree = "<group>"; };
/* End PBXFileReference section */

/* Begin PBXFrameworksBuildPhase section */
		4CB8E6EC2AEBE28A000D9035 /* Frameworks */ = {
			isa = PBXFrameworksBuildPhase;
			buildActionMask = 2147483647;
			files = (
			);
			runOnlyForDeploymentPostprocessing = 0;
		};
/* End PBXFrameworksBuildPhase section */

/* Begin PBXGroup section */
		4CB8362C2AF13513005EE37A /* Models */ = {
			isa = PBXGroup;
			children = (
				4CB8362D2AF13549005EE37A /* PokemonModel.swift */,
			);
			path = Models;
			sourceTree = "<group>";
		};
		4CB836372AF13B41005EE37A /* ViewModels */ = {
			isa = PBXGroup;
			children = (
				4CB836382AF13B52005EE37A /* ViewModel.swift */,
			);
			path = ViewModels;
			sourceTree = "<group>";
		};
		4CB8363A2AF13B7D005EE37A /* Managers */ = {
			isa = PBXGroup;
			children = (
				4CB8363B2AF13B91005EE37A /* PokemonManager.swift */,
			);
			path = Managers;
			sourceTree = "<group>";
		};
		4CB8363D2AF13ED0005EE37A /* Views */ = {
			isa = PBXGroup;
			children = (
				4CB8E6F42AEBE28A000D9035 /* ContentView.swift */,
				4CB8363E2AF1411F005EE37A /* PokemonDetailView.swift */,
				4CB836402AF14321005EE37A /* PokemonView.swift */,
			);
			path = Views;
			sourceTree = "<group>";
		};
		4CB8E6E62AEBE28A000D9035 = {
			isa = PBXGroup;
			children = (
				4CB8E6F12AEBE28A000D9035 /* PokemonDemo */,
				4CB8E6F02AEBE28A000D9035 /* Products */,
			);
			sourceTree = "<group>";
		};
		4CB8E6F02AEBE28A000D9035 /* Products */ = {
			isa = PBXGroup;
			children = (
				4CB8E6EF2AEBE28A000D9035 /* PokemonDemo.app */,
			);
			name = Products;
			sourceTree = "<group>";
		};
		4CB8E6F12AEBE28A000D9035 /* PokemonDemo */ = {
			isa = PBXGroup;
			children = (
				4CB8E6F22AEBE28A000D9035 /* PokemonDemoApp.swift */,
				4CB8363A2AF13B7D005EE37A /* Managers */,
				4CB836372AF13B41005EE37A /* ViewModels */,
				4CB8362C2AF13513005EE37A /* Models */,
				4CB8E7042AEBE5DC000D9035 /* Helpers */,
				4CB8363D2AF13ED0005EE37A /* Views */,
				4CB8E7002AEBE2A3000D9035 /* Data */,
				4CB8E6F62AEBE28B000D9035 /* Assets.xcassets */,
				4CB8E6F82AEBE28B000D9035 /* Preview Content */,
			);
			path = PokemonDemo;
			sourceTree = "<group>";
		};
		4CB8E6F82AEBE28B000D9035 /* Preview Content */ = {
			isa = PBXGroup;
			children = (
				4CB8E6F92AEBE28B000D9035 /* Preview Assets.xcassets */,
				4CCBF1B52AF20B2400428A87 /* Contents.json */,
			);
			path = "Preview Content";
			sourceTree = "<group>";
		};
		4CB8E7002AEBE2A3000D9035 /* Data */ = {
			isa = PBXGroup;
			children = (
				4CB8E7012AEBE2C2000D9035 /* pokemon.json */,
			);
			path = Data;
			sourceTree = "<group>";
		};
		4CB8E7042AEBE5DC000D9035 /* Helpers */ = {
			isa = PBXGroup;
			children = (
				4CB8E7052AEBE5F7000D9035 /* Helpers.swift */,
			);
			path = Helpers;
			sourceTree = "<group>";
		};
/* End PBXGroup section */

/* Begin PBXNativeTarget section */
		4CB8E6EE2AEBE28A000D9035 /* PokemonDemo */ = {
			isa = PBXNativeTarget;
			buildConfigurationList = 4CB8E6FD2AEBE28B000D9035 /* Build configuration list for PBXNativeTarget "PokemonDemo" */;
			buildPhases = (
				4CB8E6EB2AEBE28A000D9035 /* Sources */,
				4CB8E6EC2AEBE28A000D9035 /* Frameworks */,
				4CB8E6ED2AEBE28A000D9035 /* Resources */,
			);
			buildRules = (
			);
			dependencies = (
			);
			name = PokemonDemo;
			productName = PokemonDemo;
			productReference = 4CB8E6EF2AEBE28A000D9035 /* PokemonDemo.app */;
			productType = "com.apple.product-type.application";
		};
/* End PBXNativeTarget section */

/* Begin PBXProject section */
		4CB8E6E72AEBE28A000D9035 /* Project object */ = {
			isa = PBXProject;
			attributes = {
				BuildIndependentTargetsInParallel = 1;
				LastSwiftUpdateCheck = 1500;
				LastUpgradeCheck = 1500;
				TargetAttributes = {
					4CB8E6EE2AEBE28A000D9035 = {
						CreatedOnToolsVersion = 15.0;
					};
				};
			};
			buildConfigurationList = 4CB8E6EA2AEBE28A000D9035 /* Build configuration list for PBXProject "PokemonDemo" */;
			compatibilityVersion = "Xcode 14.0";
			developmentRegion = en;
			hasScannedForEncodings = 0;
			knownRegions = (
				en,
				Base,
			);
			mainGroup = 4CB8E6E62AEBE28A000D9035;
			productRefGroup = 4CB8E6F02AEBE28A000D9035 /* Products */;
			projectDirPath = "";
			projectRoot = "";
			targets = (
				4CB8E6EE2AEBE28A000D9035 /* PokemonDemo */,
			);
		};
/* End PBXProject section */

/* Begin PBXResourcesBuildPhase section */
		4CB8E6ED2AEBE28A000D9035 /* Resources */ = {
			isa = PBXResourcesBuildPhase;
			buildActionMask = 2147483647;
			files = (
				4CB8E6FA2AEBE28B000D9035 /* Preview Assets.xcassets in Resources */,
				4CB8E7022AEBE2C2000D9035 /* pokemon.json in Resources */,
				4CB8E6F72AEBE28B000D9035 /* Assets.xcassets in Resources */,
			);
			runOnlyForDeploymentPostprocessing = 0;
		};
/* End PBXResourcesBuildPhase section */

/* Begin PBXSourcesBuildPhase section */
		4CB8E6EB2AEBE28A000D9035 /* Sources */ = {
			isa = PBXSourcesBuildPhase;
			buildActionMask = 2147483647;
			files = (
				4CB836412AF14321005EE37A /* PokemonView.swift in Sources */,
				4CB8363C2AF13B91005EE37A /* PokemonManager.swift in Sources */,
				4CB8E6F52AEBE28A000D9035 /* ContentView.swift in Sources */,
				4CB8E7062AEBE5F7000D9035 /* Helpers.swift in Sources */,
				4CB8E6F32AEBE28A000D9035 /* PokemonDemoApp.swift in Sources */,
				4CB8362E2AF13549005EE37A /* PokemonModel.swift in Sources */,
				4CB8363F2AF1411F005EE37A /* PokemonDetailView.swift in Sources */,
				4CB836392AF13B52005EE37A /* ViewModel.swift in Sources */,
			);
			runOnlyForDeploymentPostprocessing = 0;
		};
/* End PBXSourcesBuildPhase section */

/* Begin XCBuildConfiguration section */
		4CB8E6FB2AEBE28B000D9035 /* Debug */ = {
			isa = XCBuildConfiguration;
			buildSettings = {
				ALWAYS_SEARCH_USER_PATHS = NO;
				ASSETCATALOG_COMPILER_GENERATE_SWIFT_ASSET_SYMBOL_EXTENSIONS = YES;
				CLANG_ANALYZER_NONNULL = YES;
				CLANG_ANALYZER_NUMBER_OBJECT_CONVERSION = YES_AGGRESSIVE;
				CLANG_CXX_LANGUAGE_STANDARD = "gnu++20";
				CLANG_ENABLE_MODULES = YES;
				CLANG_ENABLE_OBJC_ARC = YES;
				CLANG_ENABLE_OBJC_WEAK = YES;
				CLANG_WARN_BLOCK_CAPTURE_AUTORELEASING = YES;
				CLANG_WARN_BOOL_CONVERSION = YES;
				CLANG_WARN_COMMA = YES;
				CLANG_WARN_CONSTANT_CONVERSION = YES;
				CLANG_WARN_DEPRECATED_OBJC_IMPLEMENTATIONS = YES;
				CLANG_WARN_DIRECT_OBJC_ISA_USAGE = YES_ERROR;
				CLANG_WARN_DOCUMENTATION_COMMENTS = YES;
				CLANG_WARN_EMPTY_BODY = YES;
				CLANG_WARN_ENUM_CONVERSION = YES;
				CLANG_WARN_INFINITE_RECURSION = YES;
				CLANG_WARN_INT_CONVERSION = YES;
				CLANG_WARN_NON_LITERAL_NULL_CONVERSION = YES;
				CLANG_WARN_OBJC_IMPLICIT_RETAIN_SELF = YES;
				CLANG_WARN_OBJC_LITERAL_CONVERSION = YES;
				CLANG_WARN_OBJC_ROOT_CLASS = YES_ERROR;
				CLANG_WARN_QUOTED_INCLUDE_IN_FRAMEWORK_HEADER = YES;
				CLANG_WARN_RANGE_LOOP_ANALYSIS = YES;
				CLANG_WARN_STRICT_PROTOTYPES = YES;
				CLANG_WARN_SUSPICIOUS_MOVE = YES;
				CLANG_WARN_UNGUARDED_AVAILABILITY = YES_AGGRESSIVE;
				CLANG_WARN_UNREACHABLE_CODE = YES;
				CLANG_WARN__DUPLICATE_METHOD_MATCH = YES;
				COPY_PHASE_STRIP = NO;
				DEBUG_INFORMATION_FORMAT = dwarf;
				ENABLE_STRICT_OBJC_MSGSEND = YES;
				ENABLE_TESTABILITY = YES;
				ENABLE_USER_SCRIPT_SANDBOXING = YES;
				GCC_C_LANGUAGE_STANDARD = gnu17;
				GCC_DYNAMIC_NO_PIC = NO;
				GCC_NO_COMMON_BLOCKS = YES;
				GCC_OPTIMIZATION_LEVEL = 0;
				GCC_PREPROCESSOR_DEFINITIONS = (
					"DEBUG=1",
					"$(inherited)",
				);
				GCC_WARN_64_TO_32_BIT_CONVERSION = YES;
				GCC_WARN_ABOUT_RETURN_TYPE = YES_ERROR;
				GCC_WARN_UNDECLARED_SELECTOR = YES;
				GCC_WARN_UNINITIALIZED_AUTOS = YES_AGGRESSIVE;
				GCC_WARN_UNUSED_FUNCTION = YES;
				GCC_WARN_UNUSED_VARIABLE = YES;
				IPHONEOS_DEPLOYMENT_TARGET = 17.0;
				LOCALIZATION_PREFERS_STRING_CATALOGS = YES;
				MTL_ENABLE_DEBUG_INFO = INCLUDE_SOURCE;
				MTL_FAST_MATH = YES;
				ONLY_ACTIVE_ARCH = YES;
				SDKROOT = iphoneos;
				SWIFT_ACTIVE_COMPILATION_CONDITIONS = "DEBUG $(inherited)";
				SWIFT_OPTIMIZATION_LEVEL = "-Onone";
			};
			name = Debug;
		};
		4CB8E6FC2AEBE28B000D9035 /* Release */ = {
			isa = XCBuildConfiguration;
			buildSettings = {
				ALWAYS_SEARCH_USER_PATHS = NO;
				ASSETCATALOG_COMPILER_GENERATE_SWIFT_ASSET_SYMBOL_EXTENSIONS = YES;
				CLANG_ANALYZER_NONNULL = YES;
				CLANG_ANALYZER_NUMBER_OBJECT_CONVERSION = YES_AGGRESSIVE;
				CLANG_CXX_LANGUAGE_STANDARD = "gnu++20";
				CLANG_ENABLE_MODULES = YES;
				CLANG_ENABLE_OBJC_ARC = YES;
				CLANG_ENABLE_OBJC_WEAK = YES;
				CLANG_WARN_BLOCK_CAPTURE_AUTORELEASING = YES;
				CLANG_WARN_BOOL_CONVERSION = YES;
				CLANG_WARN_COMMA = YES;
				CLANG_WARN_CONSTANT_CONVERSION = YES;
				CLANG_WARN_DEPRECATED_OBJC_IMPLEMENTATIONS = YES;
				CLANG_WARN_DIRECT_OBJC_ISA_USAGE = YES_ERROR;
				CLANG_WARN_DOCUMENTATION_COMMENTS = YES;
				CLANG_WARN_EMPTY_BODY = YES;
				CLANG_WARN_ENUM_CONVERSION = YES;
				CLANG_WARN_INFINITE_RECURSION = YES;
				CLANG_WARN_INT_CONVERSION = YES;
				CLANG_WARN_NON_LITERAL_NULL_CONVERSION = YES;
				CLANG_WARN_OBJC_IMPLICIT_RETAIN_SELF = YES;
				CLANG_WARN_OBJC_LITERAL_CONVERSION = YES;
				CLANG_WARN_OBJC_ROOT_CLASS = YES_ERROR;
				CLANG_WARN_QUOTED_INCLUDE_IN_FRAMEWORK_HEADER = YES;
				CLANG_WARN_RANGE_LOOP_ANALYSIS = YES;
				CLANG_WARN_STRICT_PROTOTYPES = YES;
				CLANG_WARN_SUSPICIOUS_MOVE = YES;
				CLANG_WARN_UNGUARDED_AVAILABILITY = YES_AGGRESSIVE;
				CLANG_WARN_UNREACHABLE_CODE = YES;
				CLANG_WARN__DUPLICATE_METHOD_MATCH = YES;
				COPY_PHASE_STRIP = NO;
				DEBUG_INFORMATION_FORMAT = "dwarf-with-dsym";
				ENABLE_NS_ASSERTIONS = NO;
				ENABLE_STRICT_OBJC_MSGSEND = YES;
				ENABLE_USER_SCRIPT_SANDBOXING = YES;
				GCC_C_LANGUAGE_STANDARD = gnu17;
				GCC_NO_COMMON_BLOCKS = YES;
				GCC_WARN_64_TO_32_BIT_CONVERSION = YES;
				GCC_WARN_ABOUT_RETURN_TYPE = YES_ERROR;
				GCC_WARN_UNDECLARED_SELECTOR = YES;
				GCC_WARN_UNINITIALIZED_AUTOS = YES_AGGRESSIVE;
				GCC_WARN_UNUSED_FUNCTION = YES;
				GCC_WARN_UNUSED_VARIABLE = YES;
				IPHONEOS_DEPLOYMENT_TARGET = 17.0;
				LOCALIZATION_PREFERS_STRING_CATALOGS = YES;
				MTL_ENABLE_DEBUG_INFO = NO;
				MTL_FAST_MATH = YES;
				SDKROOT = iphoneos;
				SWIFT_COMPILATION_MODE = wholemodule;
				VALIDATE_PRODUCT = YES;
			};
			name = Release;
		};
		4CB8E6FE2AEBE28B000D9035 /* Debug */ = {
			isa = XCBuildConfiguration;
			buildSettings = {
				ASSETCATALOG_COMPILER_APPICON_NAME = AppIcon;
				ASSETCATALOG_COMPILER_GLOBAL_ACCENT_COLOR_NAME = AccentColor;
				CODE_SIGN_STYLE = Automatic;
				CURRENT_PROJECT_VERSION = 1;
				DEVELOPMENT_ASSET_PATHS = "\"PokemonDemo/Preview Content\"";
				ENABLE_PREVIEWS = YES;
				GENERATE_INFOPLIST_FILE = YES;
				INFOPLIST_KEY_UIApplicationSceneManifest_Generation = YES;
				INFOPLIST_KEY_UIApplicationSupportsIndirectInputEvents = YES;
				INFOPLIST_KEY_UILaunchScreen_Generation = YES;
				INFOPLIST_KEY_UISupportedInterfaceOrientations_iPad = "UIInterfaceOrientationPortrait UIInterfaceOrientationPortraitUpsideDown UIInterfaceOrientationLandscapeLeft UIInterfaceOrientationLandscapeRight";
				INFOPLIST_KEY_UISupportedInterfaceOrientations_iPhone = "UIInterfaceOrientationPortrait UIInterfaceOrientationLandscapeLeft UIInterfaceOrientationLandscapeRight";
				LD_RUNPATH_SEARCH_PATHS = (
					"$(inherited)",
					"@executable_path/Frameworks",
				);
				MARKETING_VERSION = 1.0;
				PRODUCT_BUNDLE_IDENTIFIER = com.acabes.PokemonDemo;
				PRODUCT_NAME = "$(TARGET_NAME)";
				SWIFT_EMIT_LOC_STRINGS = YES;
				SWIFT_VERSION = 5.0;
				TARGETED_DEVICE_FAMILY = "1,2";
			};
			name = Debug;
		};
		4CB8E6FF2AEBE28B000D9035 /* Release */ = {
			isa = XCBuildConfiguration;
			buildSettings = {
				ASSETCATALOG_COMPILER_APPICON_NAME = AppIcon;
				ASSETCATALOG_COMPILER_GLOBAL_ACCENT_COLOR_NAME = AccentColor;
				CODE_SIGN_STYLE = Automatic;
				CURRENT_PROJECT_VERSION = 1;
				DEVELOPMENT_ASSET_PATHS = "\"PokemonDemo/Preview Content\"";
				ENABLE_PREVIEWS = YES;
				GENERATE_INFOPLIST_FILE = YES;
				INFOPLIST_KEY_UIApplicationSceneManifest_Generation = YES;
				INFOPLIST_KEY_UIApplicationSupportsIndirectInputEvents = YES;
				INFOPLIST_KEY_UILaunchScreen_Generation = YES;
				INFOPLIST_KEY_UISupportedInterfaceOrientations_iPad = "UIInterfaceOrientationPortrait UIInterfaceOrientationPortraitUpsideDown UIInterfaceOrientationLandscapeLeft UIInterfaceOrientationLandscapeRight";
				INFOPLIST_KEY_UISupportedInterfaceOrientations_iPhone = "UIInterfaceOrientationPortrait UIInterfaceOrientationLandscapeLeft UIInterfaceOrientationLandscapeRight";
				LD_RUNPATH_SEARCH_PATHS = (
					"$(inherited)",
					"@executable_path/Frameworks",
				);
				MARKETING_VERSION = 1.0;
				PRODUCT_BUNDLE_IDENTIFIER = com.acabes.PokemonDemo;
				PRODUCT_NAME = "$(TARGET_NAME)";
				SWIFT_EMIT_LOC_STRINGS = YES;
				SWIFT_VERSION = 5.0;
				TARGETED_DEVICE_FAMILY = "1,2";
			};
			name = Release;
		};
/* End XCBuildConfiguration section */

/* Begin XCConfigurationList section */
		4CB8E6EA2AEBE28A000D9035 /* Build configuration list for PBXProject "PokemonDemo" */ = {
			isa = XCConfigurationList;
			buildConfigurations = (
				4CB8E6FB2AEBE28B000D9035 /* Debug */,
				4CB8E6FC2AEBE28B000D9035 /* Release */,
			);
			defaultConfigurationIsVisible = 0;
			defaultConfigurationName = Release;
		};
		4CB8E6FD2AEBE28B000D9035 /* Build configuration list for PBXNativeTarget "PokemonDemo" */ = {
			isa = XCConfigurationList;
			buildConfigurations = (
				4CB8E6FE2AEBE28B000D9035 /* Debug */,
				4CB8E6FF2AEBE28B000D9035 /* Release */,
			);
			defaultConfigurationIsVisible = 0;
			defaultConfigurationName = Release;
		};
/* End XCConfigurationList section */
	};
	rootObject = 4CB8E6E72AEBE28A000D9035 /* Project object */;
}
