// !$*UTF8*$!
{
	archiveVersion = 1;
	classes = {
	};
	objectVersion = 56;
	objects = {

/* Begin PBXBuildFile section */
		4CCBF1F32AF361B000428A87 /* SwiftulThinkingBootcampIntermediateApp.swift in Sources */ = {isa = PBXBuildFile; fileRef = 4CCBF1F22AF361B000428A87 /* SwiftulThinkingBootcampIntermediateApp.swift */; };
		4CCBF1F52AF361B000428A87 /* ContentView.swift in Sources */ = {isa = PBXBuildFile; fileRef = 4CCBF1F42AF361B000428A87 /* ContentView.swift */; };
		4CCBF1F72AF361B100428A87 /* Assets.xcassets in Resources */ = {isa = PBXBuildFile; fileRef = 4CCBF1F62AF361B100428A87 /* Assets.xcassets */; };
		4CCBF1FA2AF361B100428A87 /* Preview Assets.xcassets in Resources */ = {isa = PBXBuildFile; fileRef = 4CCBF1F92AF361B100428A87 /* Preview Assets.xcassets */; };
		4CCBF2012AF3628800428A87 /* LongPressGestureBootcamp.swift in Sources */ = {isa = PBXBuildFile; fileRef = 4CCBF2002AF3628800428A87 /* LongPressGestureBootcamp.swift */; };
		4CCBF2032AF36C5600428A87 /* MagnificationGestureBootcamp.swift in Sources */ = {isa = PBXBuildFile; fileRef = 4CCBF2022AF36C5600428A87 /* MagnificationGestureBootcamp.swift */; };
		4CCBF2052AF3708C00428A87 /* RotationGestureBootcamp.swift in Sources */ = {isa = PBXBuildFile; fileRef = 4CCBF2042AF3708C00428A87 /* RotationGestureBootcamp.swift */; };
		4CCBF2072AF3726A00428A87 /* DragGestureBootcamp.swift in Sources */ = {isa = PBXBuildFile; fileRef = 4CCBF2062AF3726A00428A87 /* DragGestureBootcamp.swift */; };
		4CCBF2092AF376D300428A87 /* ScrollViewReaderBootcamp.swift in Sources */ = {isa = PBXBuildFile; fileRef = 4CCBF2082AF376D300428A87 /* ScrollViewReaderBootcamp.swift */; };
		4CCBF20B2AF37A2800428A87 /* GeometryReaderBootcamp.swift in Sources */ = {isa = PBXBuildFile; fileRef = 4CCBF20A2AF37A2800428A87 /* GeometryReaderBootcamp.swift */; };
		4CCBF20D2AF37D5B00428A87 /* MultipleSheetsBootcamp.swift in Sources */ = {isa = PBXBuildFile; fileRef = 4CCBF20C2AF37D5B00428A87 /* MultipleSheetsBootcamp.swift */; };
		4CCBF20F2AF39DBA00428A87 /* MaskBootcamp.swift in Sources */ = {isa = PBXBuildFile; fileRef = 4CCBF20E2AF39DBA00428A87 /* MaskBootcamp.swift */; };
		4CCBF2112AF3B83F00428A87 /* soundsBootcamp.swift in Sources */ = {isa = PBXBuildFile; fileRef = 4CCBF2102AF3B83F00428A87 /* soundsBootcamp.swift */; };
		4CCBF21B2AF3BC8100428A87 /* Tada-sound.mp3 in Resources */ = {isa = PBXBuildFile; fileRef = 4CCBF2192AF3BC8100428A87 /* Tada-sound.mp3 */; };
		4CCBF21C2AF3BC8100428A87 /* Read.txt in Resources */ = {isa = PBXBuildFile; fileRef = 4CCBF21A2AF3BC8100428A87 /* Read.txt */; };
		4CCBF21E2AF3BC9800428A87 /* thunder-wind-and-rain-sound-effect in Resources */ = {isa = PBXBuildFile; fileRef = 4CCBF21D2AF3BC9800428A87 /* thunder-wind-and-rain-sound-effect */; };
		4CCBF2202AF3C69F00428A87 /* HapticsBootcamp.swift in Sources */ = {isa = PBXBuildFile; fileRef = 4CCBF21F2AF3C69F00428A87 /* HapticsBootcamp.swift */; };
		4CCBF2222AF3C91A00428A87 /* LocalNotificationBootcamp.swift in Sources */ = {isa = PBXBuildFile; fileRef = 4CCBF2212AF3C91A00428A87 /* LocalNotificationBootcamp.swift */; };
/* End PBXBuildFile section */

/* Begin PBXFileReference section */
		4CCBF1EF2AF361B000428A87 /* SwiftulThinkingBootcampIntermediate.app */ = {isa = PBXFileReference; explicitFileType = wrapper.application; includeInIndex = 0; path = SwiftulThinkingBootcampIntermediate.app; sourceTree = BUILT_PRODUCTS_DIR; };
		4CCBF1F22AF361B000428A87 /* SwiftulThinkingBootcampIntermediateApp.swift */ = {isa = PBXFileReference; lastKnownFileType = sourcecode.swift; path = SwiftulThinkingBootcampIntermediateApp.swift; sourceTree = "<group>"; };
		4CCBF1F42AF361B000428A87 /* ContentView.swift */ = {isa = PBXFileReference; lastKnownFileType = sourcecode.swift; path = ContentView.swift; sourceTree = "<group>"; };
		4CCBF1F62AF361B100428A87 /* Assets.xcassets */ = {isa = PBXFileReference; lastKnownFileType = folder.assetcatalog; path = Assets.xcassets; sourceTree = "<group>"; };
		4CCBF1F92AF361B100428A87 /* Preview Assets.xcassets */ = {isa = PBXFileReference; lastKnownFileType = folder.assetcatalog; path = "Preview Assets.xcassets"; sourceTree = "<group>"; };
		4CCBF2002AF3628800428A87 /* LongPressGestureBootcamp.swift */ = {isa = PBXFileReference; lastKnownFileType = sourcecode.swift; path = LongPressGestureBootcamp.swift; sourceTree = "<group>"; };
		4CCBF2022AF36C5600428A87 /* MagnificationGestureBootcamp.swift */ = {isa = PBXFileReference; lastKnownFileType = sourcecode.swift; path = MagnificationGestureBootcamp.swift; sourceTree = "<group>"; };
		4CCBF2042AF3708C00428A87 /* RotationGestureBootcamp.swift */ = {isa = PBXFileReference; lastKnownFileType = sourcecode.swift; path = RotationGestureBootcamp.swift; sourceTree = "<group>"; };
		4CCBF2062AF3726A00428A87 /* DragGestureBootcamp.swift */ = {isa = PBXFileReference; lastKnownFileType = sourcecode.swift; path = DragGestureBootcamp.swift; sourceTree = "<group>"; };
		4CCBF2082AF376D300428A87 /* ScrollViewReaderBootcamp.swift */ = {isa = PBXFileReference; lastKnownFileType = sourcecode.swift; path = ScrollViewReaderBootcamp.swift; sourceTree = "<group>"; };
		4CCBF20A2AF37A2800428A87 /* GeometryReaderBootcamp.swift */ = {isa = PBXFileReference; lastKnownFileType = sourcecode.swift; path = GeometryReaderBootcamp.swift; sourceTree = "<group>"; };
		4CCBF20C2AF37D5B00428A87 /* MultipleSheetsBootcamp.swift */ = {isa = PBXFileReference; lastKnownFileType = sourcecode.swift; path = MultipleSheetsBootcamp.swift; sourceTree = "<group>"; };
		4CCBF20E2AF39DBA00428A87 /* MaskBootcamp.swift */ = {isa = PBXFileReference; lastKnownFileType = sourcecode.swift; path = MaskBootcamp.swift; sourceTree = "<group>"; };
		4CCBF2102AF3B83F00428A87 /* soundsBootcamp.swift */ = {isa = PBXFileReference; lastKnownFileType = sourcecode.swift; path = soundsBootcamp.swift; sourceTree = "<group>"; };
		4CCBF2192AF3BC8100428A87 /* Tada-sound.mp3 */ = {isa = PBXFileReference; lastKnownFileType = audio.mp3; path = "Tada-sound.mp3"; sourceTree = "<group>"; };
		4CCBF21A2AF3BC8100428A87 /* Read.txt */ = {isa = PBXFileReference; fileEncoding = 4; lastKnownFileType = text; path = Read.txt; sourceTree = "<group>"; };
		4CCBF21D2AF3BC9800428A87 /* thunder-wind-and-rain-sound-effect */ = {isa = PBXFileReference; lastKnownFileType = folder; path = "thunder-wind-and-rain-sound-effect"; sourceTree = "<group>"; };
		4CCBF21F2AF3C69F00428A87 /* HapticsBootcamp.swift */ = {isa = PBXFileReference; lastKnownFileType = sourcecode.swift; path = HapticsBootcamp.swift; sourceTree = "<group>"; };
		4CCBF2212AF3C91A00428A87 /* LocalNotificationBootcamp.swift */ = {isa = PBXFileReference; lastKnownFileType = sourcecode.swift; path = LocalNotificationBootcamp.swift; sourceTree = "<group>"; };
/* End PBXFileReference section */

/* Begin PBXFrameworksBuildPhase section */
		4CCBF1EC2AF361B000428A87 /* Frameworks */ = {
			isa = PBXFrameworksBuildPhase;
			buildActionMask = 2147483647;
			files = (
			);
			runOnlyForDeploymentPostprocessing = 0;
		};
/* End PBXFrameworksBuildPhase section */

/* Begin PBXGroup section */
		4CCBF1E62AF361B000428A87 = {
			isa = PBXGroup;
			children = (
				4CCBF1F12AF361B000428A87 /* SwiftulThinkingBootcampIntermediate */,
				4CCBF1F02AF361B000428A87 /* Products */,
			);
			sourceTree = "<group>";
		};
		4CCBF1F02AF361B000428A87 /* Products */ = {
			isa = PBXGroup;
			children = (
				4CCBF1EF2AF361B000428A87 /* SwiftulThinkingBootcampIntermediate.app */,
			);
			name = Products;
			sourceTree = "<group>";
		};
		4CCBF1F12AF361B000428A87 /* SwiftulThinkingBootcampIntermediate */ = {
			isa = PBXGroup;
			children = (
				4CCBF1F22AF361B000428A87 /* SwiftulThinkingBootcampIntermediateApp.swift */,
				4CCBF1F42AF361B000428A87 /* ContentView.swift */,
				4CCBF2002AF3628800428A87 /* LongPressGestureBootcamp.swift */,
				4CCBF2022AF36C5600428A87 /* MagnificationGestureBootcamp.swift */,
				4CCBF2042AF3708C00428A87 /* RotationGestureBootcamp.swift */,
				4CCBF2062AF3726A00428A87 /* DragGestureBootcamp.swift */,
				4CCBF2082AF376D300428A87 /* ScrollViewReaderBootcamp.swift */,
				4CCBF20A2AF37A2800428A87 /* GeometryReaderBootcamp.swift */,
				4CCBF20C2AF37D5B00428A87 /* MultipleSheetsBootcamp.swift */,
				4CCBF20E2AF39DBA00428A87 /* MaskBootcamp.swift */,
				4CCBF2102AF3B83F00428A87 /* soundsBootcamp.swift */,
				4CCBF21F2AF3C69F00428A87 /* HapticsBootcamp.swift */,
				4CCBF2212AF3C91A00428A87 /* LocalNotificationBootcamp.swift */,
				4CCBF2122AF3BABF00428A87 /* Sounds */,
				4CCBF1F62AF361B100428A87 /* Assets.xcassets */,
				4CCBF1F82AF361B100428A87 /* Preview Content */,
			);
			path = SwiftulThinkingBootcampIntermediate;
			sourceTree = "<group>";
		};
		4CCBF1F82AF361B100428A87 /* Preview Content */ = {
			isa = PBXGroup;
			children = (
				4CCBF1F92AF361B100428A87 /* Preview Assets.xcassets */,
			);
			path = "Preview Content";
			sourceTree = "<group>";
		};
		4CCBF2122AF3BABF00428A87 /* Sounds */ = {
			isa = PBXGroup;
			children = (
				4CCBF21D2AF3BC9800428A87 /* thunder-wind-and-rain-sound-effect */,
				4CCBF2182AF3BC8100428A87 /* tada-sound */,
			);
			path = Sounds;
			sourceTree = "<group>";
		};
		4CCBF2182AF3BC8100428A87 /* tada-sound */ = {
			isa = PBXGroup;
			children = (
				4CCBF2192AF3BC8100428A87 /* Tada-sound.mp3 */,
				4CCBF21A2AF3BC8100428A87 /* Read.txt */,
			);
			name = "tada-sound";
			path = "../../../tada-sound";
			sourceTree = "<group>";
		};
/* End PBXGroup section */

/* Begin PBXNativeTarget section */
		4CCBF1EE2AF361B000428A87 /* SwiftulThinkingBootcampIntermediate */ = {
			isa = PBXNativeTarget;
			buildConfigurationList = 4CCBF1FD2AF361B100428A87 /* Build configuration list for PBXNativeTarget "SwiftulThinkingBootcampIntermediate" */;
			buildPhases = (
				4CCBF1EB2AF361B000428A87 /* Sources */,
				4CCBF1EC2AF361B000428A87 /* Frameworks */,
				4CCBF1ED2AF361B000428A87 /* Resources */,
			);
			buildRules = (
			);
			dependencies = (
			);
			name = SwiftulThinkingBootcampIntermediate;
			productName = SwiftulThinkingBootcampIntermediate;
			productReference = 4CCBF1EF2AF361B000428A87 /* SwiftulThinkingBootcampIntermediate.app */;
			productType = "com.apple.product-type.application";
		};
/* End PBXNativeTarget section */

/* Begin PBXProject section */
		4CCBF1E72AF361B000428A87 /* Project object */ = {
			isa = PBXProject;
			attributes = {
				BuildIndependentTargetsInParallel = 1;
				LastSwiftUpdateCheck = 1500;
				LastUpgradeCheck = 1500;
				TargetAttributes = {
					4CCBF1EE2AF361B000428A87 = {
						CreatedOnToolsVersion = 15.0;
					};
				};
			};
			buildConfigurationList = 4CCBF1EA2AF361B000428A87 /* Build configuration list for PBXProject "SwiftulThinkingBootcampIntermediate" */;
			compatibilityVersion = "Xcode 14.0";
			developmentRegion = en;
			hasScannedForEncodings = 0;
			knownRegions = (
				en,
				Base,
			);
			mainGroup = 4CCBF1E62AF361B000428A87;
			productRefGroup = 4CCBF1F02AF361B000428A87 /* Products */;
			projectDirPath = "";
			projectRoot = "";
			targets = (
				4CCBF1EE2AF361B000428A87 /* SwiftulThinkingBootcampIntermediate */,
			);
		};
/* End PBXProject section */

/* Begin PBXResourcesBuildPhase section */
		4CCBF1ED2AF361B000428A87 /* Resources */ = {
			isa = PBXResourcesBuildPhase;
			buildActionMask = 2147483647;
			files = (
				4CCBF1FA2AF361B100428A87 /* Preview Assets.xcassets in Resources */,
				4CCBF21B2AF3BC8100428A87 /* Tada-sound.mp3 in Resources */,
				4CCBF21E2AF3BC9800428A87 /* thunder-wind-and-rain-sound-effect in Resources */,
				4CCBF21C2AF3BC8100428A87 /* Read.txt in Resources */,
				4CCBF1F72AF361B100428A87 /* Assets.xcassets in Resources */,
			);
			runOnlyForDeploymentPostprocessing = 0;
		};
/* End PBXResourcesBuildPhase section */

/* Begin PBXSourcesBuildPhase section */
		4CCBF1EB2AF361B000428A87 /* Sources */ = {
			isa = PBXSourcesBuildPhase;
			buildActionMask = 2147483647;
			files = (
				4CCBF2112AF3B83F00428A87 /* soundsBootcamp.swift in Sources */,
				4CCBF2202AF3C69F00428A87 /* HapticsBootcamp.swift in Sources */,
				4CCBF20F2AF39DBA00428A87 /* MaskBootcamp.swift in Sources */,
				4CCBF2072AF3726A00428A87 /* DragGestureBootcamp.swift in Sources */,
				4CCBF1F52AF361B000428A87 /* ContentView.swift in Sources */,
				4CCBF1F32AF361B000428A87 /* SwiftulThinkingBootcampIntermediateApp.swift in Sources */,
				4CCBF20B2AF37A2800428A87 /* GeometryReaderBootcamp.swift in Sources */,
				4CCBF2032AF36C5600428A87 /* MagnificationGestureBootcamp.swift in Sources */,
				4CCBF2012AF3628800428A87 /* LongPressGestureBootcamp.swift in Sources */,
				4CCBF2052AF3708C00428A87 /* RotationGestureBootcamp.swift in Sources */,
				4CCBF2092AF376D300428A87 /* ScrollViewReaderBootcamp.swift in Sources */,
				4CCBF20D2AF37D5B00428A87 /* MultipleSheetsBootcamp.swift in Sources */,
				4CCBF2222AF3C91A00428A87 /* LocalNotificationBootcamp.swift in Sources */,
			);
			runOnlyForDeploymentPostprocessing = 0;
		};
/* End PBXSourcesBuildPhase section */

/* Begin XCBuildConfiguration section */
		4CCBF1FB2AF361B100428A87 /* Debug */ = {
			isa = XCBuildConfiguration;
			buildSettings = {
				ALWAYS_SEARCH_USER_PATHS = NO;
				ASSETCATALOG_COMPILER_GENERATE_SWIFT_ASSET_SYMBOL_EXTENSIONS = YES;
				CLANG_ANALYZER_NONNULL = YES;
				CLANG_ANALYZER_NUMBER_OBJECT_CONVERSION = YES_AGGRESSIVE;
				CLANG_CXX_LANGUAGE_STANDARD = "gnu++20";
				CLANG_ENABLE_MODULES = YES;
				CLANG_ENABLE_OBJC_ARC = YES;
				CLANG_ENABLE_OBJC_WEAK = YES;
				CLANG_WARN_BLOCK_CAPTURE_AUTORELEASING = YES;
				CLANG_WARN_BOOL_CONVERSION = YES;
				CLANG_WARN_COMMA = YES;
				CLANG_WARN_CONSTANT_CONVERSION = YES;
				CLANG_WARN_DEPRECATED_OBJC_IMPLEMENTATIONS = YES;
				CLANG_WARN_DIRECT_OBJC_ISA_USAGE = YES_ERROR;
				CLANG_WARN_DOCUMENTATION_COMMENTS = YES;
				CLANG_WARN_EMPTY_BODY = YES;
				CLANG_WARN_ENUM_CONVERSION = YES;
				CLANG_WARN_INFINITE_RECURSION = YES;
				CLANG_WARN_INT_CONVERSION = YES;
				CLANG_WARN_NON_LITERAL_NULL_CONVERSION = YES;
				CLANG_WARN_OBJC_IMPLICIT_RETAIN_SELF = YES;
				CLANG_WARN_OBJC_LITERAL_CONVERSION = YES;
				CLANG_WARN_OBJC_ROOT_CLASS = YES_ERROR;
				CLANG_WARN_QUOTED_INCLUDE_IN_FRAMEWORK_HEADER = YES;
				CLANG_WARN_RANGE_LOOP_ANALYSIS = YES;
				CLANG_WARN_STRICT_PROTOTYPES = YES;
				CLANG_WARN_SUSPICIOUS_MOVE = YES;
				CLANG_WARN_UNGUARDED_AVAILABILITY = YES_AGGRESSIVE;
				CLANG_WARN_UNREACHABLE_CODE = YES;
				CLANG_WARN__DUPLICATE_METHOD_MATCH = YES;
				COPY_PHASE_STRIP = NO;
				DEBUG_INFORMATION_FORMAT = dwarf;
				ENABLE_STRICT_OBJC_MSGSEND = YES;
				ENABLE_TESTABILITY = YES;
				ENABLE_USER_SCRIPT_SANDBOXING = YES;
				GCC_C_LANGUAGE_STANDARD = gnu17;
				GCC_DYNAMIC_NO_PIC = NO;
				GCC_NO_COMMON_BLOCKS = YES;
				GCC_OPTIMIZATION_LEVEL = 0;
				GCC_PREPROCESSOR_DEFINITIONS = (
					"DEBUG=1",
					"$(inherited)",
				);
				GCC_WARN_64_TO_32_BIT_CONVERSION = YES;
				GCC_WARN_ABOUT_RETURN_TYPE = YES_ERROR;
				GCC_WARN_UNDECLARED_SELECTOR = YES;
				GCC_WARN_UNINITIALIZED_AUTOS = YES_AGGRESSIVE;
				GCC_WARN_UNUSED_FUNCTION = YES;
				GCC_WARN_UNUSED_VARIABLE = YES;
				IPHONEOS_DEPLOYMENT_TARGET = 17.0;
				LOCALIZATION_PREFERS_STRING_CATALOGS = YES;
				MTL_ENABLE_DEBUG_INFO = INCLUDE_SOURCE;
				MTL_FAST_MATH = YES;
				ONLY_ACTIVE_ARCH = YES;
				SDKROOT = iphoneos;
				SWIFT_ACTIVE_COMPILATION_CONDITIONS = "DEBUG $(inherited)";
				SWIFT_OPTIMIZATION_LEVEL = "-Onone";
			};
			name = Debug;
		};
		4CCBF1FC2AF361B100428A87 /* Release */ = {
			isa = XCBuildConfiguration;
			buildSettings = {
				ALWAYS_SEARCH_USER_PATHS = NO;
				ASSETCATALOG_COMPILER_GENERATE_SWIFT_ASSET_SYMBOL_EXTENSIONS = YES;
				CLANG_ANALYZER_NONNULL = YES;
				CLANG_ANALYZER_NUMBER_OBJECT_CONVERSION = YES_AGGRESSIVE;
				CLANG_CXX_LANGUAGE_STANDARD = "gnu++20";
				CLANG_ENABLE_MODULES = YES;
				CLANG_ENABLE_OBJC_ARC = YES;
				CLANG_ENABLE_OBJC_WEAK = YES;
				CLANG_WARN_BLOCK_CAPTURE_AUTORELEASING = YES;
				CLANG_WARN_BOOL_CONVERSION = YES;
				CLANG_WARN_COMMA = YES;
				CLANG_WARN_CONSTANT_CONVERSION = YES;
				CLANG_WARN_DEPRECATED_OBJC_IMPLEMENTATIONS = YES;
				CLANG_WARN_DIRECT_OBJC_ISA_USAGE = YES_ERROR;
				CLANG_WARN_DOCUMENTATION_COMMENTS = YES;
				CLANG_WARN_EMPTY_BODY = YES;
				CLANG_WARN_ENUM_CONVERSION = YES;
				CLANG_WARN_INFINITE_RECURSION = YES;
				CLANG_WARN_INT_CONVERSION = YES;
				CLANG_WARN_NON_LITERAL_NULL_CONVERSION = YES;
				CLANG_WARN_OBJC_IMPLICIT_RETAIN_SELF = YES;
				CLANG_WARN_OBJC_LITERAL_CONVERSION = YES;
				CLANG_WARN_OBJC_ROOT_CLASS = YES_ERROR;
				CLANG_WARN_QUOTED_INCLUDE_IN_FRAMEWORK_HEADER = YES;
				CLANG_WARN_RANGE_LOOP_ANALYSIS = YES;
				CLANG_WARN_STRICT_PROTOTYPES = YES;
				CLANG_WARN_SUSPICIOUS_MOVE = YES;
				CLANG_WARN_UNGUARDED_AVAILABILITY = YES_AGGRESSIVE;
				CLANG_WARN_UNREACHABLE_CODE = YES;
				CLANG_WARN__DUPLICATE_METHOD_MATCH = YES;
				COPY_PHASE_STRIP = NO;
				DEBUG_INFORMATION_FORMAT = "dwarf-with-dsym";
				ENABLE_NS_ASSERTIONS = NO;
				ENABLE_STRICT_OBJC_MSGSEND = YES;
				ENABLE_USER_SCRIPT_SANDBOXING = YES;
				GCC_C_LANGUAGE_STANDARD = gnu17;
				GCC_NO_COMMON_BLOCKS = YES;
				GCC_WARN_64_TO_32_BIT_CONVERSION = YES;
				GCC_WARN_ABOUT_RETURN_TYPE = YES_ERROR;
				GCC_WARN_UNDECLARED_SELECTOR = YES;
				GCC_WARN_UNINITIALIZED_AUTOS = YES_AGGRESSIVE;
				GCC_WARN_UNUSED_FUNCTION = YES;
				GCC_WARN_UNUSED_VARIABLE = YES;
				IPHONEOS_DEPLOYMENT_TARGET = 17.0;
				LOCALIZATION_PREFERS_STRING_CATALOGS = YES;
				MTL_ENABLE_DEBUG_INFO = NO;
				MTL_FAST_MATH = YES;
				SDKROOT = iphoneos;
				SWIFT_COMPILATION_MODE = wholemodule;
				VALIDATE_PRODUCT = YES;
			};
			name = Release;
		};
		4CCBF1FE2AF361B100428A87 /* Debug */ = {
			isa = XCBuildConfiguration;
			buildSettings = {
				ASSETCATALOG_COMPILER_APPICON_NAME = AppIcon;
				ASSETCATALOG_COMPILER_GLOBAL_ACCENT_COLOR_NAME = AccentColor;
				CODE_SIGN_STYLE = Automatic;
				CURRENT_PROJECT_VERSION = 1;
				DEVELOPMENT_ASSET_PATHS = "\"SwiftulThinkingBootcampIntermediate/Preview Content\"";
				ENABLE_PREVIEWS = YES;
				GENERATE_INFOPLIST_FILE = YES;
				INFOPLIST_KEY_UIApplicationSceneManifest_Generation = YES;
				INFOPLIST_KEY_UIApplicationSupportsIndirectInputEvents = YES;
				INFOPLIST_KEY_UILaunchScreen_Generation = YES;
				INFOPLIST_KEY_UISupportedInterfaceOrientations_iPad = "UIInterfaceOrientationPortrait UIInterfaceOrientationPortraitUpsideDown UIInterfaceOrientationLandscapeLeft UIInterfaceOrientationLandscapeRight";
				INFOPLIST_KEY_UISupportedInterfaceOrientations_iPhone = "UIInterfaceOrientationPortrait UIInterfaceOrientationLandscapeLeft UIInterfaceOrientationLandscapeRight";
				LD_RUNPATH_SEARCH_PATHS = (
					"$(inherited)",
					"@executable_path/Frameworks",
				);
				MARKETING_VERSION = 1.0;
				PRODUCT_BUNDLE_IDENTIFIER = com.acabes.SwiftulThinkingBootcampIntermediate;
				PRODUCT_NAME = "$(TARGET_NAME)";
				SWIFT_EMIT_LOC_STRINGS = YES;
				SWIFT_VERSION = 5.0;
				TARGETED_DEVICE_FAMILY = "1,2";
			};
			name = Debug;
		};
		4CCBF1FF2AF361B100428A87 /* Release */ = {
			isa = XCBuildConfiguration;
			buildSettings = {
				ASSETCATALOG_COMPILER_APPICON_NAME = AppIcon;
				ASSETCATALOG_COMPILER_GLOBAL_ACCENT_COLOR_NAME = AccentColor;
				CODE_SIGN_STYLE = Automatic;
				CURRENT_PROJECT_VERSION = 1;
				DEVELOPMENT_ASSET_PATHS = "\"SwiftulThinkingBootcampIntermediate/Preview Content\"";
				ENABLE_PREVIEWS = YES;
				GENERATE_INFOPLIST_FILE = YES;
				INFOPLIST_KEY_UIApplicationSceneManifest_Generation = YES;
				INFOPLIST_KEY_UIApplicationSupportsIndirectInputEvents = YES;
				INFOPLIST_KEY_UILaunchScreen_Generation = YES;
				INFOPLIST_KEY_UISupportedInterfaceOrientations_iPad = "UIInterfaceOrientationPortrait UIInterfaceOrientationPortraitUpsideDown UIInterfaceOrientationLandscapeLeft UIInterfaceOrientationLandscapeRight";
				INFOPLIST_KEY_UISupportedInterfaceOrientations_iPhone = "UIInterfaceOrientationPortrait UIInterfaceOrientationLandscapeLeft UIInterfaceOrientationLandscapeRight";
				LD_RUNPATH_SEARCH_PATHS = (
					"$(inherited)",
					"@executable_path/Frameworks",
				);
				MARKETING_VERSION = 1.0;
				PRODUCT_BUNDLE_IDENTIFIER = com.acabes.SwiftulThinkingBootcampIntermediate;
				PRODUCT_NAME = "$(TARGET_NAME)";
				SWIFT_EMIT_LOC_STRINGS = YES;
				SWIFT_VERSION = 5.0;
				TARGETED_DEVICE_FAMILY = "1,2";
			};
			name = Release;
		};
/* End XCBuildConfiguration section */

/* Begin XCConfigurationList section */
		4CCBF1EA2AF361B000428A87 /* Build configuration list for PBXProject "SwiftulThinkingBootcampIntermediate" */ = {
			isa = XCConfigurationList;
			buildConfigurations = (
				4CCBF1FB2AF361B100428A87 /* Debug */,
				4CCBF1FC2AF361B100428A87 /* Release */,
			);
			defaultConfigurationIsVisible = 0;
			defaultConfigurationName = Release;
		};
		4CCBF1FD2AF361B100428A87 /* Build configuration list for PBXNativeTarget "SwiftulThinkingBootcampIntermediate" */ = {
			isa = XCConfigurationList;
			buildConfigurations = (
				4CCBF1FE2AF361B100428A87 /* Debug */,
				4CCBF1FF2AF361B100428A87 /* Release */,
			);
			defaultConfigurationIsVisible = 0;
			defaultConfigurationName = Release;
		};
/* End XCConfigurationList section */
	};
	rootObject = 4CCBF1E72AF361B000428A87 /* Project object */;
}
